{
  "name": "honor-user-api",
  "lockfileVersion": 3,
  "requires": true,
  "packages": {
    "": {
      "dependencies": {
        "honor": "^0.2.7"
      }
    },
    "node_modules/deepcopy": {
      "version": "0.3.3",
      "resolved": "https://registry.npmjs.org/deepcopy/-/deepcopy-0.3.3.tgz",
      "integrity": "sha512-myMxXvVQmlvlyyW13xuyj5PlSU261SK8iwaC0MQXMWyKf6OqVPcaereH7h2jrQyaCTEnZyAz93JkzI+vfKPF3g=="
    },
    "node_modules/honor": {
      "version": "0.2.7",
      "resolved": "https://registry.npmjs.org/honor/-/honor-0.2.7.tgz",
      "integrity": "sha512-QVyJlRB5w5LPfmPhk/g0rywS2DWQ8ZGEBVQg8ySiFAOe09J6OWsU/Vzc0ZjhR81e+md8XVuMA1vsFjK+cBdeIg==",
      "dependencies": {
        "deepcopy": "^0.3.3",
        "moment": "^2.8.4",
        "underscore": "^1.7.0",
        "valid-url": "^1.0.9"
      }
    },
    "node_modules/moment": {
      "version": "2.30.1",
      "resolved": "https://registry.npmjs.org/moment/-/moment-2.30.1.tgz",
      "integrity": "sha512-uEmtNhbDOrWPFS+hdjFCBfy9f2YoyzRpwcl+DqpC6taX21FzsTLQVbMV/W7PzNSX6x/bhC1zA3c2UQ5NzH6how==",
      "engines": {
        "node": "*"
      }
    },
    "node_modules/underscore": {
      "version": "1.13.7",
      "resolved": "https://registry.npmjs.org/underscore/-/underscore-1.13.7.tgz",
      "integrity": "sha512-GMXzWtsc57XAtguZgaQViUOzs0KTkk8ojr3/xAxXLITqf/3EMwxC0inyETfDFjH/Krbhuep0HNbbjI9i/q3F3g=="
    },
    "node_modules/valid-url": {
      "version": "1.0.9",
      "resolved": "https://registry.npmjs.org/valid-url/-/valid-url-1.0.9.tgz",
      "integrity": "sha512-QQDsV8OnSf5Uc30CKSwG9lnhMPe6exHtTXLRYX8uMwKENy640pU+2BgBL0LRbDh/eYRahNCS7aewCx0wf3NYVA=="
    }
  }
}
